
Microsoft Visual Studio Solution File, Format Version 12.00
# Visual Studio Version 16
VisualStudioVersion = 16.0.31321.278
MinimumVisualStudioVersion = 10.0.40219.1
Project("{FAE04EC0-301F-11D3-BF4B-00C04F79EFBC}") = "Coffee Time", "Coffee Time\Coffee Time.csproj", "{FC54B4CE-D4A2-4B45-A30A-96323713C00E}"
EndProject
Global
	GlobalSection(SolutionConfigurationPlatforms) = preSolution
		Debug|Any CPU = Debug|Any CPU
		Release|Any CPU = Release|Any CPU
	EndGlobalSection
	GlobalSection(ProjectConfigurationPlatforms) = postSolution
		{FC54B4CE-D4A2-4B45-A30A-96323713C00E}.Debug|Any CPU.ActiveCfg = Debug|Any CPU
		{FC54B4CE-D4A2-4B45-A30A-96323713C00E}.Debug|Any CPU.Build.0 = Debug|Any CPU
		{FC54B4CE-D4A2-4B45-A30A-96323713C00E}.Release|Any CPU.ActiveCfg = Release|Any CPU
		{FC54B4CE-D4A2-4B45-A30A-96323713C00E}.Release|Any CPU.Build.0 = Release|Any CPU
	EndGlobalSection
	GlobalSection(SolutionProperties) = preSolution
		HideSolutionNode = FALSE
	EndGlobalSection
	GlobalSection(ExtensibilityGlobals) = postSolution
		SolutionGuid = {55A278EC-B2F5-499E-A045-DB8765508640}
	EndGlobalSection
EndGlobal
